
Microsoft Visual Studio Solution File, Format Version 12.00
# Visual Studio Version 17
VisualStudioVersion = 17.10.35122.118
MinimumVisualStudioVersion = 10.0.40219.1
Project("{FAE04EC0-301F-11D3-BF4B-00C04F79EFBC}") = "Bulkyweb", "Bulkyweb\Bulkyweb.csproj", "{03B114BB-F613-47C3-831C-E169522CA0F8}"
EndProject
Global
	GlobalSection(SolutionConfigurationPlatforms) = preSolution
		Debug|Any CPU = Debug|Any CPU
		Release|Any CPU = Release|Any CPU
	EndGlobalSection
	GlobalSection(ProjectConfigurationPlatforms) = postSolution
		{03B114BB-F613-47C3-831C-E169522CA0F8}.Debug|Any CPU.ActiveCfg = Debug|Any CPU
		{03B114BB-F613-47C3-831C-E169522CA0F8}.Debug|Any CPU.Build.0 = Debug|Any CPU
		{03B114BB-F613-47C3-831C-E169522CA0F8}.Release|Any CPU.ActiveCfg = Release|Any CPU
		{03B114BB-F613-47C3-831C-E169522CA0F8}.Release|Any CPU.Build.0 = Release|Any CPU
	EndGlobalSection
	GlobalSection(SolutionProperties) = preSolution
		HideSolutionNode = FALSE
	EndGlobalSection
	GlobalSection(ExtensibilityGlobals) = postSolution
		SolutionGuid = {2D736295-D513-487F-9B05-197A78FFB47D}
	EndGlobalSection
EndGlobal
